PODS:
  - AFNetworking (3.1.0):
    - AFNetworking/NSURLSession (= 3.1.0)
    - AFNetworking/Reachability (= 3.1.0)
    - AFNetworking/Security (= 3.1.0)
    - AFNetworking/Serialization (= 3.1.0)
    - AFNetworking/UIKit (= 3.1.0)
  - AFNetworking/NSURLSession (3.1.0):
    - AFNetworking/Reachability
    - AFNetworking/Security
    - AFNetworking/Serialization
  - AFNetworking/Reachability (3.1.0)
  - AFNetworking/Security (3.1.0)
  - AFNetworking/Serialization (3.1.0)
  - AFNetworking/UIKit (3.1.0):
    - AFNetworking/NSURLSession
  - AVOSCloud (5.0.2)
  - DACircularProgress (2.3.1)
  - DZNEmptyDataSet (1.8.1)
  - Masonry (1.0.2)
  - MJRefresh (3.1.12)
  - pop (1.0.10)
  - SDWebImage (3.8.2):
    - SDWebImage/Core (= 3.8.2)
  - SDWebImage/Core (3.8.2)
  - TZImagePickerController (1.8.1)

DEPENDENCIES:
  - AFNetworking (~> 3.1.0)
  - AVOSCloud (~> 5.0.1)
  - DACircularProgress
  - DZNEmptyDataSet (= 1.8.1)
  - Masonry
  - MJRefresh (~> 3.1.0)
  - pop (from `https://github.com/facebook/pop.git`)
  - SDWebImage (~> 3.8.2)
  - TZImagePickerController (= 1.8.1)

EXTERNAL SOURCES:
  pop:
    :git: https://github.com/facebook/pop.git

CHECKOUT OPTIONS:
  pop:
    :commit: e645e895687a29f0093b92e1026656f50e8308be
    :git: https://github.com/facebook/pop.git

SPEC CHECKSUMS:
  AFNetworking: 5e0e199f73d8626b11e79750991f5d173d1f8b67
  AVOSCloud: 01745f438fb9ef4f2cde2b992783a869cc1291e6
  DACircularProgress: 4dd437c0fc3da5161cb289e07ac449493d41db71
  DZNEmptyDataSet: 9525833b9e68ac21c30253e1d3d7076cc828eaa7
  Masonry: 7c429b56da9d4ee0bbb3ed77a5ea710d6a5df39e
  MJRefresh: b96cdb21c4aa75a7b07654311ab2f315c497e806
  pop: 82ca6b068ce9278fd350fd9dd09482a0ce9492e6
  SDWebImage: 098e97e6176540799c27e804c96653ee0833d13c
  TZImagePickerController: 086034156913375cb19c8e4103562f15322c3b36

PODFILE CHECKSUM: baa9f61243a02872d3a1d6c223c8f0cf6f59fb38

COCOAPODS: 1.2.1
